# THIS IS AN AUTOGENERATED FILE. DO NOT EDIT THIS FILE DIRECTLY.
# yarn lockfile v1


"@angular/common@>=4.0.0-beta.1 <5":
  version "4.0.0-beta.3"
  resolved "https://registry.yarnpkg.com/@angular/common/-/common-4.0.0-beta.3.tgz#da6679ae716dbf934098f3393f45db148eeb1d0b"

"@angular/core@>=4.0.0-beta.1 <5":
  version "4.0.0-beta.3"
  resolved "https://registry.yarnpkg.com/@angular/core/-/core-4.0.0-beta.3.tgz#17a09d0fa631edd9c7767ad567bd16aab21898e0"

"@angular/http@>=4.0.0-beta.1 <5":
  version "4.0.0-beta.3"
  resolved "https://registry.yarnpkg.com/@angular/http/-/http-4.0.0-beta.3.tgz#0cbc22d164d95d50e408bd14ef0daccaa0801eb2"

"@angular/platform-browser@>=4.0.0-beta.1 <5":
  version "4.0.0-beta.3"
  resolved "https://registry.yarnpkg.com/@angular/platform-browser/-/platform-browser-4.0.0-beta.3.tgz#fe68e19a7745c20a8721040f4ea8e17e5289bc02"

rxjs@^5.0.0:
  version "5.0.3"
  resolved "https://registry.yarnpkg.com/rxjs/-/rxjs-5.0.3.tgz#fc8bdf464ebf938812748e4196788f392fef9754"
  dependencies:
    symbol-observable "^1.0.1"

symbol-observable@^1.0.1:
  version "1.0.4"
  resolved "https://registry.yarnpkg.com/symbol-observable/-/symbol-observable-1.0.4.tgz#29bf615d4aa7121bdd898b22d4b3f9bc4e2aa03d"

typescript@^2.0.3:
  version "2.1.5"
  resolved "https://registry.yarnpkg.com/typescript/-/typescript-2.1.5.tgz#6fe9479e00e01855247cea216e7561bafcdbcd4a"

zone.js@^0.6.21:
  version "0.6.26"
  resolved "https://registry.yarnpkg.com/zone.js/-/zone.js-0.6.26.tgz#067c13b8b80223a89b62e9dc82680f09762c4636"
